<?xml version="1.0" encoding="utf-8"?>
<Project ToolsVersion="4.0" xmlns="http://schemas.microsoft.com/developer/msbuild/2003">
  <ItemGroup>
    <Filter Include="Qt Sources">
      <UniqueIdentifier>{4FC737F1-C7A5-4376-A066-2A32D752A2FF}</UniqueIdentifier>
    </Filter>
    <Filter Include="Core Sources">
      <UniqueIdentifier>{bb6b7a45-8da3-42f6-9a06-97a2a9b5b1a1}</UniqueIdentifier>
    </Filter>
    <Filter Include="Headers">
      <UniqueIdentifier>{93995380-89BD-4b04-88EB-625FBE52EBFB}</UniqueIdentifier>
    </Filter>
  </ItemGroup>
  <ItemGroup>
    <ClCompile Include="..\gui\qt_main.cpp">
      <Filter>Qt Sources</Filter>
    </ClCompile>
    <ClCompile Include="..\gui\mainwindow.cpp">
      <Filter>Qt Sources</Filter>
    </ClCompile>
    <ClCompile Include="..\src\loader.cpp">
      <Filter>Core Sources</Filter>
    </ClCompile>
    <ClCompile Include="..\src\chunker.cpp">
      <Filter>Core Sources</Filter>
    </ClCompile>
    <ClCompile Include="..\src\tokenizer.cpp">
      <Filter>Core Sources</Filter>
    </ClCompile>
    <ClCompile Include="..\src\atom_scan.cpp">
      <Filter>Core Sources</Filter>
    </ClCompile>
    <ClCompile Include="..\src\indexer.cpp">
      <Filter>Core Sources</Filter>
    </ClCompile>
    <ClCompile Include="..\src\persist.cpp">
      <Filter>Core Sources</Filter>
    </ClCompile>
    <ClCompile Include="..\src\corpus_diff.cpp">
      <Filter>Core Sources</Filter>
    </ClCompile>
    <ClCompile Include="..\src\embedder.cpp">
      <Filter>Core Sources</Filter>
    </ClCompile>
    <ClCompile Include="..\src\rrf.cpp">
      <Filter>Core Sources</Filter>
    </ClCompile>
    <ClCompile Include="..\src\vector_index.cpp">
      <Filter>Core Sources</Filter>
    </ClCompile>
    <ClCompile Include="..\src\vector_persist.cpp">
      <Filter>Core Sources</Filter>
    </ClCompile>
  </ItemGroup>
  <ItemGroup>
    <ClInclude Include="..\gui\mainwindow.h">
      <Filter>Headers</Filter>
    </ClInclude>
    <ClInclude Include="..\include\atom_scan.h">
      <Filter>Headers</Filter>
    </ClInclude>
    <ClInclude Include="..\include\chunker.h">
      <Filter>Headers</Filter>
    </ClInclude>
    <ClInclude Include="..\include\corpus_diff.h">
      <Filter>Headers</Filter>
    </ClInclude>
    <ClInclude Include="..\include\indexer.h">
      <Filter>Headers</Filter>
    </ClInclude>
    <ClInclude Include="..\include\loader.h">
      <Filter>Headers</Filter>
    </ClInclude>
    <ClInclude Include="..\include\persist.h">
      <Filter>Headers</Filter>
    </ClInclude>
    <ClInclude Include="..\include\tokenizer.h">
      <Filter>Headers</Filter>
    </ClInclude>
    <ClInclude Include="..\include\type.h">
      <Filter>Headers</Filter>
    </ClInclude>
    <ClInclude Include="..\include\embedder.h">
      <Filter>Headers</Filter>
    </ClInclude>
    <ClInclude Include="..\include\rrf.h">
      <Filter>Headers</Filter>
    </ClInclude>
    <ClInclude Include="..\include\vector_index.h">
      <Filter>Headers</Filter>
    </ClInclude>
    <ClInclude Include="..\include\vector_persist.h">
      <Filter>Headers</Filter>
    </ClInclude>
  </ItemGroup>
</Project>
